// !$*UTF8*$!
{
	archiveVersion = 1;
	classes = {
	};
	objectVersion = 55;
	objects = {

/* Begin PBXBuildFile section */
		6174B88927AC0E8800861725 /* SampleAppApp.swift in Sources */ = {isa = PBXBuildFile; fileRef = 6174B87927AC0E8700861725 /* SampleAppApp.swift */; };
		6174B88A27AC0E8800861725 /* SampleAppApp.swift in Sources */ = {isa = PBXBuildFile; fileRef = 6174B87927AC0E8700861725 /* SampleAppApp.swift */; };
		6174B88B27AC0E8800861725 /* ContentView.swift in Sources */ = {isa = PBXBuildFile; fileRef = 6174B87A27AC0E8700861725 /* ContentView.swift */; };
		6174B88C27AC0E8800861725 /* ContentView.swift in Sources */ = {isa = PBXBuildFile; fileRef = 6174B87A27AC0E8700861725 /* ContentView.swift */; };
		6174B88D27AC0E8800861725 /* Assets.xcassets in Resources */ = {isa = PBXBuildFile; fileRef = 6174B87B27AC0E8800861725 /* Assets.xcassets */; };
		6174B88E27AC0E8800861725 /* Assets.xcassets in Resources */ = {isa = PBXBuildFile; fileRef = 6174B87B27AC0E8800861725 /* Assets.xcassets */; };
		6174B89B27AC0F3300861725 /* NonacoLogo in Frameworks */ = {isa = PBXBuildFile; productRef = 6174B89A27AC0F3300861725 /* NonacoLogo */; };
		6174B89D27AC0F3900861725 /* NonacoLogo in Frameworks */ = {isa = PBXBuildFile; productRef = 6174B89C27AC0F3900861725 /* NonacoLogo */; };
/* End PBXBuildFile section */

/* Begin PBXFileReference section */
		6174B87927AC0E8700861725 /* SampleAppApp.swift */ = {isa = PBXFileReference; lastKnownFileType = sourcecode.swift; path = SampleAppApp.swift; sourceTree = "<group>"; };
		6174B87A27AC0E8700861725 /* ContentView.swift */ = {isa = PBXFileReference; lastKnownFileType = sourcecode.swift; path = ContentView.swift; sourceTree = "<group>"; };
		6174B87B27AC0E8800861725 /* Assets.xcassets */ = {isa = PBXFileReference; lastKnownFileType = folder.assetcatalog; path = Assets.xcassets; sourceTree = "<group>"; };
		6174B88027AC0E8800861725 /* Nonaco Logo.app */ = {isa = PBXFileReference; explicitFileType = wrapper.application; includeInIndex = 0; path = "Nonaco Logo.app"; sourceTree = BUILT_PRODUCTS_DIR; };
		6174B88627AC0E8800861725 /* Nonaco Logo.app */ = {isa = PBXFileReference; explicitFileType = wrapper.application; includeInIndex = 0; path = "Nonaco Logo.app"; sourceTree = BUILT_PRODUCTS_DIR; };
		6174B88827AC0E8800861725 /* macOS.entitlements */ = {isa = PBXFileReference; lastKnownFileType = text.plist.entitlements; path = macOS.entitlements; sourceTree = "<group>"; };
		6174B89827AC0F0400861725 /* NonacoLogo */ = {isa = PBXFileReference; lastKnownFileType = wrapper; name = NonacoLogo; path = ..; sourceTree = "<group>"; };
/* End PBXFileReference section */

/* Begin PBXFrameworksBuildPhase section */
		6174B87D27AC0E8800861725 /* Frameworks */ = {
			isa = PBXFrameworksBuildPhase;
			buildActionMask = 2147483647;
			files = (
				6174B89B27AC0F3300861725 /* NonacoLogo in Frameworks */,
			);
			runOnlyForDeploymentPostprocessing = 0;
		};
		6174B88327AC0E8800861725 /* Frameworks */ = {
			isa = PBXFrameworksBuildPhase;
			buildActionMask = 2147483647;
			files = (
				6174B89D27AC0F3900861725 /* NonacoLogo in Frameworks */,
			);
			runOnlyForDeploymentPostprocessing = 0;
		};
/* End PBXFrameworksBuildPhase section */

/* Begin PBXGroup section */
		6174B87327AC0E8700861725 = {
			isa = PBXGroup;
			children = (
				6174B89727AC0F0400861725 /* Packages */,
				6174B87827AC0E8700861725 /* Shared */,
				6174B88727AC0E8800861725 /* macOS */,
				6174B88127AC0E8800861725 /* Products */,
				6174B89927AC0F3300861725 /* Frameworks */,
			);
			sourceTree = "<group>";
		};
		6174B87827AC0E8700861725 /* Shared */ = {
			isa = PBXGroup;
			children = (
				6174B87927AC0E8700861725 /* SampleAppApp.swift */,
				6174B87A27AC0E8700861725 /* ContentView.swift */,
				6174B87B27AC0E8800861725 /* Assets.xcassets */,
			);
			path = Shared;
			sourceTree = "<group>";
		};
		6174B88127AC0E8800861725 /* Products */ = {
			isa = PBXGroup;
			children = (
				6174B88027AC0E8800861725 /* Nonaco Logo.app */,
				6174B88627AC0E8800861725 /* Nonaco Logo.app */,
			);
			name = Products;
			sourceTree = "<group>";
		};
		6174B88727AC0E8800861725 /* macOS */ = {
			isa = PBXGroup;
			children = (
				6174B88827AC0E8800861725 /* macOS.entitlements */,
			);
			path = macOS;
			sourceTree = "<group>";
		};
		6174B89727AC0F0400861725 /* Packages */ = {
			isa = PBXGroup;
			children = (
				6174B89827AC0F0400861725 /* NonacoLogo */,
			);
			name = Packages;
			sourceTree = "<group>";
		};
		6174B89927AC0F3300861725 /* Frameworks */ = {
			isa = PBXGroup;
			children = (
			);
			name = Frameworks;
			sourceTree = "<group>";
		};
/* End PBXGroup section */

/* Begin PBXNativeTarget section */
		6174B87F27AC0E8800861725 /* SampleApp (iOS) */ = {
			isa = PBXNativeTarget;
			buildConfigurationList = 6174B89127AC0E8800861725 /* Build configuration list for PBXNativeTarget "SampleApp (iOS)" */;
			buildPhases = (
				6174B87C27AC0E8800861725 /* Sources */,
				6174B87D27AC0E8800861725 /* Frameworks */,
				6174B87E27AC0E8800861725 /* Resources */,
			);
			buildRules = (
			);
			dependencies = (
			);
			name = "SampleApp (iOS)";
			packageProductDependencies = (
				6174B89A27AC0F3300861725 /* NonacoLogo */,
			);
			productName = "SampleApp (iOS)";
			productReference = 6174B88027AC0E8800861725 /* Nonaco Logo.app */;
			productType = "com.apple.product-type.application";
		};
		6174B88527AC0E8800861725 /* SampleApp (macOS) */ = {
			isa = PBXNativeTarget;
			buildConfigurationList = 6174B89427AC0E8800861725 /* Build configuration list for PBXNativeTarget "SampleApp (macOS)" */;
			buildPhases = (
				6174B88227AC0E8800861725 /* Sources */,
				6174B88327AC0E8800861725 /* Frameworks */,
				6174B88427AC0E8800861725 /* Resources */,
			);
			buildRules = (
			);
			dependencies = (
			);
			name = "SampleApp (macOS)";
			packageProductDependencies = (
				6174B89C27AC0F3900861725 /* NonacoLogo */,
			);
			productName = "SampleApp (macOS)";
			productReference = 6174B88627AC0E8800861725 /* Nonaco Logo.app */;
			productType = "com.apple.product-type.application";
		};
/* End PBXNativeTarget section */

/* Begin PBXProject section */
		6174B87427AC0E8700861725 /* Project object */ = {
			isa = PBXProject;
			attributes = {
				BuildIndependentTargetsInParallel = 1;
				LastSwiftUpdateCheck = 1320;
				LastUpgradeCheck = 1320;
				TargetAttributes = {
					6174B87F27AC0E8800861725 = {
						CreatedOnToolsVersion = 13.2.1;
					};
					6174B88527AC0E8800861725 = {
						CreatedOnToolsVersion = 13.2.1;
					};
				};
			};
			buildConfigurationList = 6174B87727AC0E8700861725 /* Build configuration list for PBXProject "SampleApp" */;
			compatibilityVersion = "Xcode 13.0";
			developmentRegion = en;
			hasScannedForEncodings = 0;
			knownRegions = (
				en,
				Base,
			);
			mainGroup = 6174B87327AC0E8700861725;
			productRefGroup = 6174B88127AC0E8800861725 /* Products */;
			projectDirPath = "";
			projectRoot = "";
			targets = (
				6174B87F27AC0E8800861725 /* SampleApp (iOS) */,
				6174B88527AC0E8800861725 /* SampleApp (macOS) */,
			);
		};
/* End PBXProject section */

/* Begin PBXResourcesBuildPhase section */
		6174B87E27AC0E8800861725 /* Resources */ = {
			isa = PBXResourcesBuildPhase;
			buildActionMask = 2147483647;
			files = (
				6174B88D27AC0E8800861725 /* Assets.xcassets in Resources */,
			);
			runOnlyForDeploymentPostprocessing = 0;
		};
		6174B88427AC0E8800861725 /* Resources */ = {
			isa = PBXResourcesBuildPhase;
			buildActionMask = 2147483647;
			files = (
				6174B88E27AC0E8800861725 /* Assets.xcassets in Resources */,
			);
			runOnlyForDeploymentPostprocessing = 0;
		};
/* End PBXResourcesBuildPhase section */

/* Begin PBXSourcesBuildPhase section */
		6174B87C27AC0E8800861725 /* Sources */ = {
			isa = PBXSourcesBuildPhase;
			buildActionMask = 2147483647;
			files = (
				6174B88B27AC0E8800861725 /* ContentView.swift in Sources */,
				6174B88927AC0E8800861725 /* SampleAppApp.swift in Sources */,
			);
			runOnlyForDeploymentPostprocessing = 0;
		};
		6174B88227AC0E8800861725 /* Sources */ = {
			isa = PBXSourcesBuildPhase;
			buildActionMask = 2147483647;
			files = (
				6174B88C27AC0E8800861725 /* ContentView.swift in Sources */,
				6174B88A27AC0E8800861725 /* SampleAppApp.swift in Sources */,
			);
			runOnlyForDeploymentPostprocessing = 0;
		};
/* End PBXSourcesBuildPhase section */

/* Begin XCBuildConfiguration section */
		6174B88F27AC0E8800861725 /* Debug */ = {
			isa = XCBuildConfiguration;
			buildSettings = {
				ALWAYS_SEARCH_USER_PATHS = NO;
				CLANG_ANALYZER_NONNULL = YES;
				CLANG_ANALYZER_NUMBER_OBJECT_CONVERSION = YES_AGGRESSIVE;
				CLANG_CXX_LANGUAGE_STANDARD = "gnu++17";
				CLANG_CXX_LIBRARY = "libc++";
				CLANG_ENABLE_MODULES = YES;
				CLANG_ENABLE_OBJC_ARC = YES;
				CLANG_ENABLE_OBJC_WEAK = YES;
				CLANG_WARN_BLOCK_CAPTURE_AUTORELEASING = YES;
				CLANG_WARN_BOOL_CONVERSION = YES;
				CLANG_WARN_COMMA = YES;
				CLANG_WARN_CONSTANT_CONVERSION = YES;
				CLANG_WARN_DEPRECATED_OBJC_IMPLEMENTATIONS = YES;
				CLANG_WARN_DIRECT_OBJC_ISA_USAGE = YES_ERROR;
				CLANG_WARN_DOCUMENTATION_COMMENTS = YES;
				CLANG_WARN_EMPTY_BODY = YES;
				CLANG_WARN_ENUM_CONVERSION = YES;
				CLANG_WARN_INFINITE_RECURSION = YES;
				CLANG_WARN_INT_CONVERSION = YES;
				CLANG_WARN_NON_LITERAL_NULL_CONVERSION = YES;
				CLANG_WARN_OBJC_IMPLICIT_RETAIN_SELF = YES;
				CLANG_WARN_OBJC_LITERAL_CONVERSION = YES;
				CLANG_WARN_OBJC_ROOT_CLASS = YES_ERROR;
				CLANG_WARN_QUOTED_INCLUDE_IN_FRAMEWORK_HEADER = YES;
				CLANG_WARN_RANGE_LOOP_ANALYSIS = YES;
				CLANG_WARN_STRICT_PROTOTYPES = YES;
				CLANG_WARN_SUSPICIOUS_MOVE = YES;
				CLANG_WARN_UNGUARDED_AVAILABILITY = YES_AGGRESSIVE;
				CLANG_WARN_UNREACHABLE_CODE = YES;
				CLANG_WARN__DUPLICATE_METHOD_MATCH = YES;
				COPY_PHASE_STRIP = NO;
				DEBUG_INFORMATION_FORMAT = dwarf;
				ENABLE_STRICT_OBJC_MSGSEND = YES;
				ENABLE_TESTABILITY = YES;
				GCC_C_LANGUAGE_STANDARD = gnu11;
				GCC_DYNAMIC_NO_PIC = NO;
				GCC_NO_COMMON_BLOCKS = YES;
				GCC_OPTIMIZATION_LEVEL = 0;
				GCC_PREPROCESSOR_DEFINITIONS = (
					"DEBUG=1",
					"$(inherited)",
				);
				GCC_WARN_64_TO_32_BIT_CONVERSION = YES;
				GCC_WARN_ABOUT_RETURN_TYPE = YES_ERROR;
				GCC_WARN_UNDECLARED_SELECTOR = YES;
				GCC_WARN_UNINITIALIZED_AUTOS = YES_AGGRESSIVE;
				GCC_WARN_UNUSED_FUNCTION = YES;
				GCC_WARN_UNUSED_VARIABLE = YES;
				MTL_ENABLE_DEBUG_INFO = INCLUDE_SOURCE;
				MTL_FAST_MATH = YES;
				ONLY_ACTIVE_ARCH = YES;
				PRODUCT_NAME = "Nonaco Logo";
				SWIFT_ACTIVE_COMPILATION_CONDITIONS = DEBUG;
				SWIFT_OPTIMIZATION_LEVEL = "-Onone";
			};
			name = Debug;
		};
		6174B89027AC0E8800861725 /* Release */ = {
			isa = XCBuildConfiguration;
			buildSettings = {
				ALWAYS_SEARCH_USER_PATHS = NO;
				CLANG_ANALYZER_NONNULL = YES;
				CLANG_ANALYZER_NUMBER_OBJECT_CONVERSION = YES_AGGRESSIVE;
				CLANG_CXX_LANGUAGE_STANDARD = "gnu++17";
				CLANG_CXX_LIBRARY = "libc++";
				CLANG_ENABLE_MODULES = YES;
				CLANG_ENABLE_OBJC_ARC = YES;
				CLANG_ENABLE_OBJC_WEAK = YES;
				CLANG_WARN_BLOCK_CAPTURE_AUTORELEASING = YES;
				CLANG_WARN_BOOL_CONVERSION = YES;
				CLANG_WARN_COMMA = YES;
				CLANG_WARN_CONSTANT_CONVERSION = YES;
				CLANG_WARN_DEPRECATED_OBJC_IMPLEMENTATIONS = YES;
				CLANG_WARN_DIRECT_OBJC_ISA_USAGE = YES_ERROR;
				CLANG_WARN_DOCUMENTATION_COMMENTS = YES;
				CLANG_WARN_EMPTY_BODY = YES;
				CLANG_WARN_ENUM_CONVERSION = YES;
				CLANG_WARN_INFINITE_RECURSION = YES;
				CLANG_WARN_INT_CONVERSION = YES;
				CLANG_WARN_NON_LITERAL_NULL_CONVERSION = YES;
				CLANG_WARN_OBJC_IMPLICIT_RETAIN_SELF = YES;
				CLANG_WARN_OBJC_LITERAL_CONVERSION = YES;
				CLANG_WARN_OBJC_ROOT_CLASS = YES_ERROR;
				CLANG_WARN_QUOTED_INCLUDE_IN_FRAMEWORK_HEADER = YES;
				CLANG_WARN_RANGE_LOOP_ANALYSIS = YES;
				CLANG_WARN_STRICT_PROTOTYPES = YES;
				CLANG_WARN_SUSPICIOUS_MOVE = YES;
				CLANG_WARN_UNGUARDED_AVAILABILITY = YES_AGGRESSIVE;
				CLANG_WARN_UNREACHABLE_CODE = YES;
				CLANG_WARN__DUPLICATE_METHOD_MATCH = YES;
				COPY_PHASE_STRIP = NO;
				DEBUG_INFORMATION_FORMAT = "dwarf-with-dsym";
				ENABLE_NS_ASSERTIONS = NO;
				ENABLE_STRICT_OBJC_MSGSEND = YES;
				GCC_C_LANGUAGE_STANDARD = gnu11;
				GCC_NO_COMMON_BLOCKS = YES;
				GCC_WARN_64_TO_32_BIT_CONVERSION = YES;
				GCC_WARN_ABOUT_RETURN_TYPE = YES_ERROR;
				GCC_WARN_UNDECLARED_SELECTOR = YES;
				GCC_WARN_UNINITIALIZED_AUTOS = YES_AGGRESSIVE;
				GCC_WARN_UNUSED_FUNCTION = YES;
				GCC_WARN_UNUSED_VARIABLE = YES;
				MTL_ENABLE_DEBUG_INFO = NO;
				MTL_FAST_MATH = YES;
				PRODUCT_NAME = "Nonaco Logo";
				SWIFT_COMPILATION_MODE = wholemodule;
				SWIFT_OPTIMIZATION_LEVEL = "-O";
			};
			name = Release;
		};
		6174B89227AC0E8800861725 /* Debug */ = {
			isa = XCBuildConfiguration;
			buildSettings = {
				ASSETCATALOG_COMPILER_APPICON_NAME = AppIcon;
				ASSETCATALOG_COMPILER_GLOBAL_ACCENT_COLOR_NAME = AccentColor;
				CODE_SIGN_STYLE = Automatic;
				CURRENT_PROJECT_VERSION = 1;
				DEVELOPMENT_TEAM = B56488KY8L;
				ENABLE_PREVIEWS = YES;
				GENERATE_INFOPLIST_FILE = YES;
				INFOPLIST_KEY_UIApplicationSceneManifest_Generation = YES;
				INFOPLIST_KEY_UIApplicationSupportsIndirectInputEvents = YES;
				INFOPLIST_KEY_UILaunchScreen_Generation = YES;
				INFOPLIST_KEY_UISupportedInterfaceOrientations_iPad = "UIInterfaceOrientationPortrait UIInterfaceOrientationPortraitUpsideDown UIInterfaceOrientationLandscapeLeft UIInterfaceOrientationLandscapeRight";
				INFOPLIST_KEY_UISupportedInterfaceOrientations_iPhone = "UIInterfaceOrientationPortrait UIInterfaceOrientationLandscapeLeft UIInterfaceOrientationLandscapeRight";
				IPHONEOS_DEPLOYMENT_TARGET = 15.2;
				LD_RUNPATH_SEARCH_PATHS = (
					"$(inherited)",
					"@executable_path/Frameworks",
				);
				MARKETING_VERSION = 1.0;
				PRODUCT_BUNDLE_IDENTIFIER = nu.visschers.SampleApp;
				PRODUCT_NAME = "Nonaco Logo";
				SDKROOT = iphoneos;
				SWIFT_EMIT_LOC_STRINGS = YES;
				SWIFT_VERSION = 5.0;
				TARGETED_DEVICE_FAMILY = "1,2";
			};
			name = Debug;
		};
		6174B89327AC0E8800861725 /* Release */ = {
			isa = XCBuildConfiguration;
			buildSettings = {
				ASSETCATALOG_COMPILER_APPICON_NAME = AppIcon;
				ASSETCATALOG_COMPILER_GLOBAL_ACCENT_COLOR_NAME = AccentColor;
				CODE_SIGN_STYLE = Automatic;
				CURRENT_PROJECT_VERSION = 1;
				DEVELOPMENT_TEAM = B56488KY8L;
				ENABLE_PREVIEWS = YES;
				GENERATE_INFOPLIST_FILE = YES;
				INFOPLIST_KEY_UIApplicationSceneManifest_Generation = YES;
				INFOPLIST_KEY_UIApplicationSupportsIndirectInputEvents = YES;
				INFOPLIST_KEY_UILaunchScreen_Generation = YES;
				INFOPLIST_KEY_UISupportedInterfaceOrientations_iPad = "UIInterfaceOrientationPortrait UIInterfaceOrientationPortraitUpsideDown UIInterfaceOrientationLandscapeLeft UIInterfaceOrientationLandscapeRight";
				INFOPLIST_KEY_UISupportedInterfaceOrientations_iPhone = "UIInterfaceOrientationPortrait UIInterfaceOrientationLandscapeLeft UIInterfaceOrientationLandscapeRight";
				IPHONEOS_DEPLOYMENT_TARGET = 15.2;
				LD_RUNPATH_SEARCH_PATHS = (
					"$(inherited)",
					"@executable_path/Frameworks",
				);
				MARKETING_VERSION = 1.0;
				PRODUCT_BUNDLE_IDENTIFIER = nu.visschers.SampleApp;
				PRODUCT_NAME = "Nonaco Logo";
				SDKROOT = iphoneos;
				SWIFT_EMIT_LOC_STRINGS = YES;
				SWIFT_VERSION = 5.0;
				TARGETED_DEVICE_FAMILY = "1,2";
				VALIDATE_PRODUCT = YES;
			};
			name = Release;
		};
		6174B89527AC0E8800861725 /* Debug */ = {
			isa = XCBuildConfiguration;
			buildSettings = {
				ASSETCATALOG_COMPILER_APPICON_NAME = AppIcon;
				ASSETCATALOG_COMPILER_GLOBAL_ACCENT_COLOR_NAME = AccentColor;
				CODE_SIGN_ENTITLEMENTS = macOS/macOS.entitlements;
				CODE_SIGN_STYLE = Automatic;
				COMBINE_HIDPI_IMAGES = YES;
				CURRENT_PROJECT_VERSION = 1;
				DEVELOPMENT_TEAM = B56488KY8L;
				ENABLE_HARDENED_RUNTIME = YES;
				ENABLE_PREVIEWS = YES;
				GENERATE_INFOPLIST_FILE = YES;
				INFOPLIST_KEY_NSHumanReadableCopyright = "";
				LD_RUNPATH_SEARCH_PATHS = (
					"$(inherited)",
					"@executable_path/../Frameworks",
				);
				MACOSX_DEPLOYMENT_TARGET = 12.1;
				MARKETING_VERSION = 1.0;
				PRODUCT_BUNDLE_IDENTIFIER = nu.visschers.SampleApp;
				PRODUCT_NAME = "Nonaco Logo";
				SDKROOT = macosx;
				SWIFT_EMIT_LOC_STRINGS = YES;
				SWIFT_VERSION = 5.0;
			};
			name = Debug;
		};
		6174B89627AC0E8800861725 /* Release */ = {
			isa = XCBuildConfiguration;
			buildSettings = {
				ASSETCATALOG_COMPILER_APPICON_NAME = AppIcon;
				ASSETCATALOG_COMPILER_GLOBAL_ACCENT_COLOR_NAME = AccentColor;
				CODE_SIGN_ENTITLEMENTS = macOS/macOS.entitlements;
				CODE_SIGN_STYLE = Automatic;
				COMBINE_HIDPI_IMAGES = YES;
				CURRENT_PROJECT_VERSION = 1;
				DEVELOPMENT_TEAM = B56488KY8L;
				ENABLE_HARDENED_RUNTIME = YES;
				ENABLE_PREVIEWS = YES;
				GENERATE_INFOPLIST_FILE = YES;
				INFOPLIST_KEY_NSHumanReadableCopyright = "";
				LD_RUNPATH_SEARCH_PATHS = (
					"$(inherited)",
					"@executable_path/../Frameworks",
				);
				MACOSX_DEPLOYMENT_TARGET = 12.1;
				MARKETING_VERSION = 1.0;
				PRODUCT_BUNDLE_IDENTIFIER = nu.visschers.SampleApp;
				PRODUCT_NAME = "Nonaco Logo";
				SDKROOT = macosx;
				SWIFT_EMIT_LOC_STRINGS = YES;
				SWIFT_VERSION = 5.0;
			};
			name = Release;
		};
/* End XCBuildConfiguration section */

/* Begin XCConfigurationList section */
		6174B87727AC0E8700861725 /* Build configuration list for PBXProject "SampleApp" */ = {
			isa = XCConfigurationList;
			buildConfigurations = (
				6174B88F27AC0E8800861725 /* Debug */,
				6174B89027AC0E8800861725 /* Release */,
			);
			defaultConfigurationIsVisible = 0;
			defaultConfigurationName = Release;
		};
		6174B89127AC0E8800861725 /* Build configuration list for PBXNativeTarget "SampleApp (iOS)" */ = {
			isa = XCConfigurationList;
			buildConfigurations = (
				6174B89227AC0E8800861725 /* Debug */,
				6174B89327AC0E8800861725 /* Release */,
			);
			defaultConfigurationIsVisible = 0;
			defaultConfigurationName = Release;
		};
		6174B89427AC0E8800861725 /* Build configuration list for PBXNativeTarget "SampleApp (macOS)" */ = {
			isa = XCConfigurationList;
			buildConfigurations = (
				6174B89527AC0E8800861725 /* Debug */,
				6174B89627AC0E8800861725 /* Release */,
			);
			defaultConfigurationIsVisible = 0;
			defaultConfigurationName = Release;
		};
/* End XCConfigurationList section */

/* Begin XCSwiftPackageProductDependency section */
		6174B89A27AC0F3300861725 /* NonacoLogo */ = {
			isa = XCSwiftPackageProductDependency;
			productName = NonacoLogo;
		};
		6174B89C27AC0F3900861725 /* NonacoLogo */ = {
			isa = XCSwiftPackageProductDependency;
			productName = NonacoLogo;
		};
/* End XCSwiftPackageProductDependency section */
	};
	rootObject = 6174B87427AC0E8700861725 /* Project object */;
}
